{
  "name": "raya-lucaria-renderer-tools",
  "lockfileVersion": 3,
  "requires": true,
  "packages": {
    "": {
      "name": "raya-lucaria-renderer-tools",
      "dependencies": {
        "@mathjax/src": "4.0.0"
      }
    },
    "node_modules/@mathjax/mathjax-newcm-font": {
      "version": "4.0.0",
      "resolved": "https://registry.npmjs.org/@mathjax/mathjax-newcm-font/-/mathjax-newcm-font-4.0.0.tgz",
      "integrity": "sha512-kpsJgIF4FpWiwIkFgOPmWwy5GXfL25spmJJNg27HQxPddmEL8Blx0jn2BuU/nlwjM/9SnYpEfDrWiAMgLPlB8Q==",
      "license": "Apache-2.0"
    },
    "node_modules/@mathjax/src": {
      "version": "4.0.0",
      "resolved": "https://registry.npmjs.org/@mathjax/src/-/src-4.0.0.tgz",
      "integrity": "sha512-i7oYVLkHTskfTqxBzrbvcJN8ptGChWb6bx2LZsCySk7QWf61JqaMYX5N7M0qr8tnYqRmN5DDedkRda7wDuTdBA==",
      "license": "Apache-2.0",
      "dependencies": {
        "@mathjax/mathjax-newcm-font": "4.0.0",
        "mhchemparser": "^4.2.1",
        "mj-context-menu": "^0.9.1",
        "speech-rule-engine": "5.0.0-beta.1"
      }
    },
    "node_modules/@xmldom/xmldom": {
      "version": "0.9.8",
      "resolved": "https://registry.npmjs.org/@xmldom/xmldom/-/xmldom-0.9.8.tgz",
      "integrity": "sha512-p96FSY54r+WJ50FIOsCOjyj/wavs8921hG5+kVMmZgKcvIKxMXHTrjNJvRgWa/zuX3B6t2lijLNFaOyuxUH+2A==",
      "deprecated": "this version has critical issues, please update to the latest version",
      "license": "MIT",
      "engines": {
        "node": ">=14.6"
      }
    },
    "node_modules/commander": {
      "version": "14.0.0",
      "resolved": "https://registry.npmjs.org/commander/-/commander-14.0.0.tgz",
      "integrity": "sha512-2uM9rYjPvyq39NwLRqaiLtWHyDC1FvryJDa2ATTVims5YAS4PupsEQsDvP14FqhFr0P49CYDugi59xaxJlTXRA==",
      "license": "MIT",
      "engines": {
        "node": ">=20"
      }
    },
    "node_modules/mhchemparser": {
      "version": "4.2.1",
      "resolved": "https://registry.npmjs.org/mhchemparser/-/mhchemparser-4.2.1.tgz",
      "integrity": "sha512-kYmyrCirqJf3zZ9t/0wGgRZ4/ZJw//VwaRVGA75C4nhE60vtnIzhl9J9ndkX/h6hxSN7pjg/cE0VxbnNM+bnDQ==",
      "license": "Apache-2.0"
    },
    "node_modules/mj-context-menu": {
      "version": "0.9.1",
      "resolved": "https://registry.npmjs.org/mj-context-menu/-/mj-context-menu-0.9.1.tgz",
      "integrity": "sha512-ECPcVXZFRfeYOxb1MWGzctAtnQcZ6nRucE3orfkKX7t/KE2mlXO2K/bq4BcCGOuhdz3Wg2BZDy2S8ECK73/iIw==",
      "license": "Apache-2.0"
    },
    "node_modules/speech-rule-engine": {
      "version": "5.0.0-beta.1",
      "resolved": "https://registry.npmjs.org/speech-rule-engine/-/speech-rule-engine-5.0.0-beta.1.tgz",
      "integrity": "sha512-arqcJpXEYRG9mQMxRCNd2xFERGvIvwvuhcnoXDw/SyeYNyJ5I9SUU5ft+BPw0M1rPpwl3Q+6ZeeYAcwGXTa6oQ==",
      "license": "Apache-2.0",
      "dependencies": {
        "@xmldom/xmldom": "0.9.8",
        "commander": "14.0.0",
        "wicked-good-xpath": "1.3.0"
      },
      "bin": {
        "sre": "bin/sre"
      }
    },
    "node_modules/wicked-good-xpath": {
      "version": "1.3.0",
      "resolved": "https://registry.npmjs.org/wicked-good-xpath/-/wicked-good-xpath-1.3.0.tgz",
      "integrity": "sha512-Gd9+TUn5nXdwj/hFsPVx5cuHHiF5Bwuc30jZ4+ronF1qHK5O7HD0sgmXWSEgwKquT3ClLoKPVbO6qGwVwLzvAw==",
      "license": "MIT"
    }
  }
}
